
Microsoft Visual Studio Solution File, Format Version 12.00
# Visual Studio Version 16
VisualStudioVersion = 16.0.28803.352
MinimumVisualStudioVersion = 10.0.40219.1
Project("{9A19103F-16F7-4668-BE54-9A1E7A4F7556}") = "TopicTrennerAPI", "TopicTrennerAPI\TopicTrennerAPI.csproj", "{8B9F80D1-D479-4C93-9171-C8D6A0A903B1}"
EndProject
Project("{9A19103F-16F7-4668-BE54-9A1E7A4F7556}") = "TestConsole", "C:\Users\mathias\source\repos\TestConsole\TestConsole\TestConsole.csproj", "{DA81234C-AE10-4029-B43A-DAF2E4AD2C83}"
EndProject
Global
	GlobalSection(SolutionConfigurationPlatforms) = preSolution
		Debug|Any CPU = Debug|Any CPU
		Debug|x64 = Debug|x64
		Release|Any CPU = Release|Any CPU
		Release|x64 = Release|x64
		x64 run|Any CPU = x64 run|Any CPU
		x64 run|x64 = x64 run|x64
	EndGlobalSection
	GlobalSection(ProjectConfigurationPlatforms) = postSolution
		{8B9F80D1-D479-4C93-9171-C8D6A0A903B1}.Debug|Any CPU.ActiveCfg = Debug|Any CPU
		{8B9F80D1-D479-4C93-9171-C8D6A0A903B1}.Debug|Any CPU.Build.0 = Debug|Any CPU
		{8B9F80D1-D479-4C93-9171-C8D6A0A903B1}.Debug|x64.ActiveCfg = Debug|x64
		{8B9F80D1-D479-4C93-9171-C8D6A0A903B1}.Debug|x64.Build.0 = Debug|x64
		{8B9F80D1-D479-4C93-9171-C8D6A0A903B1}.Release|Any CPU.ActiveCfg = Release|Any CPU
		{8B9F80D1-D479-4C93-9171-C8D6A0A903B1}.Release|Any CPU.Build.0 = Release|Any CPU
		{8B9F80D1-D479-4C93-9171-C8D6A0A903B1}.Release|x64.ActiveCfg = Release|x64
		{8B9F80D1-D479-4C93-9171-C8D6A0A903B1}.Release|x64.Build.0 = Release|x64
		{8B9F80D1-D479-4C93-9171-C8D6A0A903B1}.x64 run|Any CPU.ActiveCfg = x64 run|x64
		{8B9F80D1-D479-4C93-9171-C8D6A0A903B1}.x64 run|Any CPU.Build.0 = x64 run|x64
		{8B9F80D1-D479-4C93-9171-C8D6A0A903B1}.x64 run|x64.ActiveCfg = x64 run|x64
		{8B9F80D1-D479-4C93-9171-C8D6A0A903B1}.x64 run|x64.Build.0 = x64 run|x64
		{DA81234C-AE10-4029-B43A-DAF2E4AD2C83}.Debug|Any CPU.ActiveCfg = Debug|Any CPU
		{DA81234C-AE10-4029-B43A-DAF2E4AD2C83}.Debug|Any CPU.Build.0 = Debug|Any CPU
		{DA81234C-AE10-4029-B43A-DAF2E4AD2C83}.Debug|x64.ActiveCfg = Debug|x64
		{DA81234C-AE10-4029-B43A-DAF2E4AD2C83}.Debug|x64.Build.0 = Debug|x64
		{DA81234C-AE10-4029-B43A-DAF2E4AD2C83}.Release|Any CPU.ActiveCfg = Release|Any CPU
		{DA81234C-AE10-4029-B43A-DAF2E4AD2C83}.Release|Any CPU.Build.0 = Release|Any CPU
		{DA81234C-AE10-4029-B43A-DAF2E4AD2C83}.Release|x64.ActiveCfg = Release|x64
		{DA81234C-AE10-4029-B43A-DAF2E4AD2C83}.Release|x64.Build.0 = Release|x64
		{DA81234C-AE10-4029-B43A-DAF2E4AD2C83}.x64 run|Any CPU.ActiveCfg = x64 run|x64
		{DA81234C-AE10-4029-B43A-DAF2E4AD2C83}.x64 run|Any CPU.Build.0 = x64 run|x64
		{DA81234C-AE10-4029-B43A-DAF2E4AD2C83}.x64 run|x64.ActiveCfg = x64 run|x64
		{DA81234C-AE10-4029-B43A-DAF2E4AD2C83}.x64 run|x64.Build.0 = x64 run|x64
	EndGlobalSection
	GlobalSection(SolutionProperties) = preSolution
		HideSolutionNode = FALSE
	EndGlobalSection
	GlobalSection(ExtensibilityGlobals) = postSolution
		SolutionGuid = {8F2278F5-CFCA-469F-852C-F78FE21451F8}
	EndGlobalSection
EndGlobal
